
Microsoft Visual Studio Solution File, Format Version 12.00
# Visual Studio 15
VisualStudioVersion = 15.0.28307.779
MinimumVisualStudioVersion = 10.0.40219.1
Project("{FAE04EC0-301F-11D3-BF4B-00C04F79EFBC}") = "DatabaseCodeGenerator", "DatabaseCodeGenerator\DatabaseCodeGenerator.csproj", "{8B4B8DFB-2520-4F6D-93F0-CB5B731471D4}"
EndProject
Global
	GlobalSection(SolutionConfigurationPlatforms) = preSolution
		Debug|Any CPU = Debug|Any CPU
		Release|Any CPU = Release|Any CPU
	EndGlobalSection
	GlobalSection(ProjectConfigurationPlatforms) = postSolution
		{8B4B8DFB-2520-4F6D-93F0-CB5B731471D4}.Debug|Any CPU.ActiveCfg = Debug|Any CPU
		{8B4B8DFB-2520-4F6D-93F0-CB5B731471D4}.Debug|Any CPU.Build.0 = Debug|Any CPU
		{8B4B8DFB-2520-4F6D-93F0-CB5B731471D4}.Release|Any CPU.ActiveCfg = Release|Any CPU
		{8B4B8DFB-2520-4F6D-93F0-CB5B731471D4}.Release|Any CPU.Build.0 = Release|Any CPU
	EndGlobalSection
	GlobalSection(SolutionProperties) = preSolution
		HideSolutionNode = FALSE
	EndGlobalSection
	GlobalSection(ExtensibilityGlobals) = postSolution
		SolutionGuid = {B642DAEC-A1DB-4D55-81DE-3E05DA0C1369}
	EndGlobalSection
EndGlobal
